PODS:
  - Flutter (1.0.0)
  - flutter_isolate (0.0.1):
    - Flutter
  - FMDB (2.7.2):
    - FMDB/standard (= 2.7.2)
  - FMDB/standard (2.7.2)
  - sqflite (0.0.1):
    - Flutter
    - FMDB (~> 2.7.2)

DEPENDENCIES:
  - Flutter (from `.symlinks/flutter/ios`)
  - flutter_isolate (from `.symlinks/plugins/flutter_isolate/ios`)
  - sqflite (from `.symlinks/plugins/sqflite/ios`)

SPEC REPOS:
  https://github.com/cocoapods/specs.git:
    - FMDB

EXTERNAL SOURCES:
  Flutter:
    :path: ".symlinks/flutter/ios"
  flutter_isolate:
    :path: ".symlinks/plugins/flutter_isolate/ios"
  sqflite:
    :path: ".symlinks/plugins/sqflite/ios"

SPEC CHECKSUMS:
  Flutter: 9d0fac939486c9aba2809b7982dfdbb47a7b0296
  flutter_isolate: a8e17dcff094d88bf7ca6fcd1bc826bda42895d1
  FMDB: 6198a90e7b6900cfc046e6bc0ef6ebb7be9236aa
  sqflite: d1612813fa7db7c667bed9f1d1b508deffc56999

PODFILE CHECKSUM: ebd43b443038e611b86ede96e613bd6033c49497

COCOAPODS: 1.5.3
